
Microsoft Visual Studio Solution File, Format Version 12.00
# Visual Studio Version 16
VisualStudioVersion = 16.0.29519.181
MinimumVisualStudioVersion = 10.0.40219.1
Project("{FAE04EC0-301F-11D3-BF4B-00C04F79EFBC}") = "Watcher", "Watcher\Watcher.csproj", "{A4F57C78-B126-464C-8951-7CED79D8EBD3}"
EndProject
Project("{FAE04EC0-301F-11D3-BF4B-00C04F79EFBC}") = "Tools", "..\Tools\Tools\Tools.csproj", "{0BE7B7DE-C835-4D93-B856-0B9981D51C0C}"
EndProject
Global
	GlobalSection(SolutionConfigurationPlatforms) = preSolution
		Debug|Any CPU = Debug|Any CPU
		Release|Any CPU = Release|Any CPU
	EndGlobalSection
	GlobalSection(ProjectConfigurationPlatforms) = postSolution
		{A4F57C78-B126-464C-8951-7CED79D8EBD3}.Debug|Any CPU.ActiveCfg = Debug|Any CPU
		{A4F57C78-B126-464C-8951-7CED79D8EBD3}.Debug|Any CPU.Build.0 = Debug|Any CPU
		{A4F57C78-B126-464C-8951-7CED79D8EBD3}.Release|Any CPU.ActiveCfg = Release|Any CPU
		{A4F57C78-B126-464C-8951-7CED79D8EBD3}.Release|Any CPU.Build.0 = Release|Any CPU
		{0BE7B7DE-C835-4D93-B856-0B9981D51C0C}.Debug|Any CPU.ActiveCfg = Debug|Any CPU
		{0BE7B7DE-C835-4D93-B856-0B9981D51C0C}.Debug|Any CPU.Build.0 = Debug|Any CPU
		{0BE7B7DE-C835-4D93-B856-0B9981D51C0C}.Release|Any CPU.ActiveCfg = Release|Any CPU
		{0BE7B7DE-C835-4D93-B856-0B9981D51C0C}.Release|Any CPU.Build.0 = Release|Any CPU
	EndGlobalSection
	GlobalSection(SolutionProperties) = preSolution
		HideSolutionNode = FALSE
	EndGlobalSection
	GlobalSection(ExtensibilityGlobals) = postSolution
		SolutionGuid = {7D110180-1BCF-4101-BA3D-F82E0B7B3602}
	EndGlobalSection
EndGlobal
